
Microsoft Visual Studio Solution File, Format Version 12.00
# Visual Studio 15
VisualStudioVersion = 15.0.28307.1082
MinimumVisualStudioVersion = 10.0.40219.1
Project("{FAE04EC0-301F-11D3-BF4B-00C04F79EFBC}") = "HandlebarsDemo", "WebApplication2\HandlebarsDemo.csproj", "{2EBE803E-FE2B-4CC8-AD18-39DF61AD9BF6}"
EndProject
Global
	GlobalSection(SolutionConfigurationPlatforms) = preSolution
		Debug|Any CPU = Debug|Any CPU
		Release|Any CPU = Release|Any CPU
	EndGlobalSection
	GlobalSection(ProjectConfigurationPlatforms) = postSolution
		{2EBE803E-FE2B-4CC8-AD18-39DF61AD9BF6}.Debug|Any CPU.ActiveCfg = Debug|Any CPU
		{2EBE803E-FE2B-4CC8-AD18-39DF61AD9BF6}.Debug|Any CPU.Build.0 = Debug|Any CPU
		{2EBE803E-FE2B-4CC8-AD18-39DF61AD9BF6}.Release|Any CPU.ActiveCfg = Release|Any CPU
		{2EBE803E-FE2B-4CC8-AD18-39DF61AD9BF6}.Release|Any CPU.Build.0 = Release|Any CPU
	EndGlobalSection
	GlobalSection(SolutionProperties) = preSolution
		HideSolutionNode = FALSE
	EndGlobalSection
	GlobalSection(ExtensibilityGlobals) = postSolution
		SolutionGuid = {B1E93CF1-1B85-402A-8AAF-866ABB43A8FC}
	EndGlobalSection
EndGlobal
